dependencies:
- name: cert-manager
  repository: https://charts.jetstack.io/
  version: 0.10.1
- name: prometheus
  repository: https://kubernetes-charts.storage.googleapis.com/
  version: 10.0.0
- name: postgresql
  repository: https://charts.bitnami.com/bitnami
  version: 8.9.4
- name: gitlab-runner
  repository: https://charts.gitlab.io/
  version: 0.17.1
- name: grafana
  repository: https://kubernetes-charts.storage.googleapis.com/
  version: 4.0.1
- name: redis
  repository: https://charts.bitnami.com/bitnami
  version: 10.3.4
digest: sha256:421d14cc6976e07ccee641b8f904a90414e9d14416dbe86557e5746bdcdc14a1
generated: "2020-06-16T16:32:12.826728-07:00"
